
Microsoft Visual Studio Solution File, Format Version 12.00
# Visual Studio Version 16
VisualStudioVersion = 16.0.29613.14
MinimumVisualStudioVersion = 10.0.40219.1
Project("{FAE04EC0-301F-11D3-BF4B-00C04F79EFBC}") = "eShopSolution.WebApp", "eShopSolution.WebApp\eShopSolution.WebApp.csproj", "{9ADC9A6C-817E-427D-B11A-26E66B67FD62}"
EndProject
Global
	GlobalSection(SolutionConfigurationPlatforms) = preSolution
		Debug|Any CPU = Debug|Any CPU
		Release|Any CPU = Release|Any CPU
	EndGlobalSection
	GlobalSection(ProjectConfigurationPlatforms) = postSolution
		{9ADC9A6C-817E-427D-B11A-26E66B67FD62}.Debug|Any CPU.ActiveCfg = Debug|Any CPU
		{9ADC9A6C-817E-427D-B11A-26E66B67FD62}.Debug|Any CPU.Build.0 = Debug|Any CPU
		{9ADC9A6C-817E-427D-B11A-26E66B67FD62}.Release|Any CPU.ActiveCfg = Release|Any CPU
		{9ADC9A6C-817E-427D-B11A-26E66B67FD62}.Release|Any CPU.Build.0 = Release|Any CPU
	EndGlobalSection
	GlobalSection(SolutionProperties) = preSolution
		HideSolutionNode = FALSE
	EndGlobalSection
	GlobalSection(ExtensibilityGlobals) = postSolution
		SolutionGuid = {6228D7FA-DDF5-4F35-9724-F0374E2E0B84}
	EndGlobalSection
EndGlobal
